// !$*UTF8*$!
{
	archiveVersion = 1;
	classes = {
	};
	objectVersion = 46;
	objects = {

/* Begin PBXBuildFile section */
		2890C4AC1D8F105C00450494 /* main.m in Sources */ = {isa = PBXBuildFile; fileRef = 2890C4AB1D8F105C00450494 /* main.m */; };
		2890C4AF1D8F105C00450494 /* AppDelegate.m in Sources */ = {isa = PBXBuildFile; fileRef = 2890C4AE1D8F105C00450494 /* AppDelegate.m */; };
		2890C4B21D8F105C00450494 /* PhotosViewController.m in Sources */ = {isa = PBXBuildFile; fileRef = 2890C4B11D8F105C00450494 /* PhotosViewController.m */; };
		2890C4B51D8F105C00450494 /* Main.storyboard in Resources */ = {isa = PBXBuildFile; fileRef = 2890C4B31D8F105C00450494 /* Main.storyboard */; };
		2890C4B71D8F105C00450494 /* Assets.xcassets in Resources */ = {isa = PBXBuildFile; fileRef = 2890C4B61D8F105C00450494 /* Assets.xcassets */; };
		2890C4BA1D8F105C00450494 /* LaunchScreen.storyboard in Resources */ = {isa = PBXBuildFile; fileRef = 2890C4B81D8F105C00450494 /* LaunchScreen.storyboard */; };
		2890C4C31D8F13C400450494 /* FlickrAPI.m in Sources */ = {isa = PBXBuildFile; fileRef = 2890C4C21D8F13C400450494 /* FlickrAPI.m */; };
		28EFADB21D8F19B2000446B4 /* PhotoStore.m in Sources */ = {isa = PBXBuildFile; fileRef = 28EFADB11D8F19B2000446B4 /* PhotoStore.m */; };
		28EFADB51D8F1E3B000446B4 /* Photo.m in Sources */ = {isa = PBXBuildFile; fileRef = 28EFADB41D8F1E3B000446B4 /* Photo.m */; };
		28EFADB81D8F3742000446B4 /* PhotoDataSource.m in Sources */ = {isa = PBXBuildFile; fileRef = 28EFADB71D8F3742000446B4 /* PhotoDataSource.m */; };
/* End PBXBuildFile section */

/* Begin PBXFileReference section */
		2890C4A71D8F105C00450494 /* Photorama.app */ = {isa = PBXFileReference; explicitFileType = wrapper.application; includeInIndex = 0; path = Photorama.app; sourceTree = BUILT_PRODUCTS_DIR; };
		2890C4AB1D8F105C00450494 /* main.m */ = {isa = PBXFileReference; lastKnownFileType = sourcecode.c.objc; path = main.m; sourceTree = "<group>"; };
		2890C4AD1D8F105C00450494 /* AppDelegate.h */ = {isa = PBXFileReference; lastKnownFileType = sourcecode.c.h; path = AppDelegate.h; sourceTree = "<group>"; };
		2890C4AE1D8F105C00450494 /* AppDelegate.m */ = {isa = PBXFileReference; lastKnownFileType = sourcecode.c.objc; path = AppDelegate.m; sourceTree = "<group>"; };
		2890C4B01D8F105C00450494 /* PhotosViewController.h */ = {isa = PBXFileReference; lastKnownFileType = sourcecode.c.h; path = PhotosViewController.h; sourceTree = "<group>"; };
		2890C4B11D8F105C00450494 /* PhotosViewController.m */ = {isa = PBXFileReference; lastKnownFileType = sourcecode.c.objc; path = PhotosViewController.m; sourceTree = "<group>"; };
		2890C4B41D8F105C00450494 /* Base */ = {isa = PBXFileReference; lastKnownFileType = file.storyboard; name = Base; path = Base.lproj/Main.storyboard; sourceTree = "<group>"; };
		2890C4B61D8F105C00450494 /* Assets.xcassets */ = {isa = PBXFileReference; lastKnownFileType = folder.assetcatalog; path = Assets.xcassets; sourceTree = "<group>"; };
		2890C4B91D8F105C00450494 /* Base */ = {isa = PBXFileReference; lastKnownFileType = file.storyboard; name = Base; path = Base.lproj/LaunchScreen.storyboard; sourceTree = "<group>"; };
		2890C4BB1D8F105C00450494 /* Info.plist */ = {isa = PBXFileReference; lastKnownFileType = text.plist.xml; path = Info.plist; sourceTree = "<group>"; };
		2890C4C11D8F13C400450494 /* FlickrAPI.h */ = {isa = PBXFileReference; fileEncoding = 4; lastKnownFileType = sourcecode.c.h; path = FlickrAPI.h; sourceTree = "<group>"; };
		2890C4C21D8F13C400450494 /* FlickrAPI.m */ = {isa = PBXFileReference; fileEncoding = 4; lastKnownFileType = sourcecode.c.objc; path = FlickrAPI.m; sourceTree = "<group>"; };
		28EFADB01D8F19B2000446B4 /* PhotoStore.h */ = {isa = PBXFileReference; fileEncoding = 4; lastKnownFileType = sourcecode.c.h; path = PhotoStore.h; sourceTree = "<group>"; };
		28EFADB11D8F19B2000446B4 /* PhotoStore.m */ = {isa = PBXFileReference; fileEncoding = 4; lastKnownFileType = sourcecode.c.objc; path = PhotoStore.m; sourceTree = "<group>"; };
		28EFADB31D8F1E3B000446B4 /* Photo.h */ = {isa = PBXFileReference; fileEncoding = 4; lastKnownFileType = sourcecode.c.h; path = Photo.h; sourceTree = "<group>"; };
		28EFADB41D8F1E3B000446B4 /* Photo.m */ = {isa = PBXFileReference; fileEncoding = 4; lastKnownFileType = sourcecode.c.objc; path = Photo.m; sourceTree = "<group>"; };
		28EFADB61D8F3742000446B4 /* PhotoDataSource.h */ = {isa = PBXFileReference; fileEncoding = 4; lastKnownFileType = sourcecode.c.h; path = PhotoDataSource.h; sourceTree = "<group>"; };
		28EFADB71D8F3742000446B4 /* PhotoDataSource.m */ = {isa = PBXFileReference; fileEncoding = 4; lastKnownFileType = sourcecode.c.objc; path = PhotoDataSource.m; sourceTree = "<group>"; };
/* End PBXFileReference section */

/* Begin PBXFrameworksBuildPhase section */
		2890C4A41D8F105C00450494 /* Frameworks */ = {
			isa = PBXFrameworksBuildPhase;
			buildActionMask = 2147483647;
			files = (
			);
			runOnlyForDeploymentPostprocessing = 0;
		};
/* End PBXFrameworksBuildPhase section */

/* Begin PBXGroup section */
		2890C49E1D8F105C00450494 = {
			isa = PBXGroup;
			children = (
				28EFADB01D8F19B2000446B4 /* PhotoStore.h */,
				28EFADB11D8F19B2000446B4 /* PhotoStore.m */,
				2890C4A91D8F105C00450494 /* Photorama */,
				2890C4A81D8F105C00450494 /* Products */,
			);
			sourceTree = "<group>";
		};
		2890C4A81D8F105C00450494 /* Products */ = {
			isa = PBXGroup;
			children = (
				2890C4A71D8F105C00450494 /* Photorama.app */,
			);
			name = Products;
			sourceTree = "<group>";
		};
		2890C4A91D8F105C00450494 /* Photorama */ = {
			isa = PBXGroup;
			children = (
				2890C4AD1D8F105C00450494 /* AppDelegate.h */,
				2890C4AE1D8F105C00450494 /* AppDelegate.m */,
				2890C4B01D8F105C00450494 /* PhotosViewController.h */,
				2890C4B11D8F105C00450494 /* PhotosViewController.m */,
				28EFADB31D8F1E3B000446B4 /* Photo.h */,
				28EFADB41D8F1E3B000446B4 /* Photo.m */,
				2890C4B31D8F105C00450494 /* Main.storyboard */,
				28EFADB61D8F3742000446B4 /* PhotoDataSource.h */,
				28EFADB71D8F3742000446B4 /* PhotoDataSource.m */,
				2890C4C11D8F13C400450494 /* FlickrAPI.h */,
				2890C4C21D8F13C400450494 /* FlickrAPI.m */,
				2890C4B61D8F105C00450494 /* Assets.xcassets */,
				2890C4B81D8F105C00450494 /* LaunchScreen.storyboard */,
				2890C4BB1D8F105C00450494 /* Info.plist */,
				2890C4AA1D8F105C00450494 /* Supporting Files */,
			);
			path = Photorama;
			sourceTree = "<group>";
		};
		2890C4AA1D8F105C00450494 /* Supporting Files */ = {
			isa = PBXGroup;
			children = (
				2890C4AB1D8F105C00450494 /* main.m */,
			);
			name = "Supporting Files";
			sourceTree = "<group>";
		};
/* End PBXGroup section */

/* Begin PBXNativeTarget section */
		2890C4A61D8F105C00450494 /* Photorama */ = {
			isa = PBXNativeTarget;
			buildConfigurationList = 2890C4BE1D8F105C00450494 /* Build configuration list for PBXNativeTarget "Photorama" */;
			buildPhases = (
				2890C4A31D8F105C00450494 /* Sources */,
				2890C4A41D8F105C00450494 /* Frameworks */,
				2890C4A51D8F105C00450494 /* Resources */,
			);
			buildRules = (
			);
			dependencies = (
			);
			name = Photorama;
			productName = Photorama;
			productReference = 2890C4A71D8F105C00450494 /* Photorama.app */;
			productType = "com.apple.product-type.application";
		};
/* End PBXNativeTarget section */

/* Begin PBXProject section */
		2890C49F1D8F105C00450494 /* Project object */ = {
			isa = PBXProject;
			attributes = {
				LastUpgradeCheck = 0800;
				ORGANIZATIONNAME = "Neil Vitale";
				TargetAttributes = {
					2890C4A61D8F105C00450494 = {
						CreatedOnToolsVersion = 8.0;
						ProvisioningStyle = Automatic;
					};
				};
			};
			buildConfigurationList = 2890C4A21D8F105C00450494 /* Build configuration list for PBXProject "Photorama" */;
			compatibilityVersion = "Xcode 3.2";
			developmentRegion = English;
			hasScannedForEncodings = 0;
			knownRegions = (
				en,
				Base,
			);
			mainGroup = 2890C49E1D8F105C00450494;
			productRefGroup = 2890C4A81D8F105C00450494 /* Products */;
			projectDirPath = "";
			projectRoot = "";
			targets = (
				2890C4A61D8F105C00450494 /* Photorama */,
			);
		};
/* End PBXProject section */

/* Begin PBXResourcesBuildPhase section */
		2890C4A51D8F105C00450494 /* Resources */ = {
			isa = PBXResourcesBuildPhase;
			buildActionMask = 2147483647;
			files = (
				2890C4BA1D8F105C00450494 /* LaunchScreen.storyboard in Resources */,
				2890C4B71D8F105C00450494 /* Assets.xcassets in Resources */,
				2890C4B51D8F105C00450494 /* Main.storyboard in Resources */,
			);
			runOnlyForDeploymentPostprocessing = 0;
		};
/* End PBXResourcesBuildPhase section */

/* Begin PBXSourcesBuildPhase section */
		2890C4A31D8F105C00450494 /* Sources */ = {
			isa = PBXSourcesBuildPhase;
			buildActionMask = 2147483647;
			files = (
				28EFADB51D8F1E3B000446B4 /* Photo.m in Sources */,
				2890C4B21D8F105C00450494 /* PhotosViewController.m in Sources */,
				2890C4C31D8F13C400450494 /* FlickrAPI.m in Sources */,
				2890C4AF1D8F105C00450494 /* AppDelegate.m in Sources */,
				28EFADB21D8F19B2000446B4 /* PhotoStore.m in Sources */,
				28EFADB81D8F3742000446B4 /* PhotoDataSource.m in Sources */,
				2890C4AC1D8F105C00450494 /* main.m in Sources */,
			);
			runOnlyForDeploymentPostprocessing = 0;
		};
/* End PBXSourcesBuildPhase section */

/* Begin PBXVariantGroup section */
		2890C4B31D8F105C00450494 /* Main.storyboard */ = {
			isa = PBXVariantGroup;
			children = (
				2890C4B41D8F105C00450494 /* Base */,
			);
			name = Main.storyboard;
			sourceTree = "<group>";
		};
		2890C4B81D8F105C00450494 /* LaunchScreen.storyboard */ = {
			isa = PBXVariantGroup;
			children = (
				2890C4B91D8F105C00450494 /* Base */,
			);
			name = LaunchScreen.storyboard;
			sourceTree = "<group>";
		};
/* End PBXVariantGroup section */

/* Begin XCBuildConfiguration section */
		2890C4BC1D8F105C00450494 /* Debug */ = {
			isa = XCBuildConfiguration;
			buildSettings = {
				ALWAYS_SEARCH_USER_PATHS = NO;
				CLANG_ANALYZER_NONNULL = YES;
				CLANG_CXX_LANGUAGE_STANDARD = "gnu++0x";
				CLANG_CXX_LIBRARY = "libc++";
				CLANG_ENABLE_MODULES = YES;
				CLANG_ENABLE_OBJC_ARC = YES;
				CLANG_WARN_BOOL_CONVERSION = YES;
				CLANG_WARN_CONSTANT_CONVERSION = YES;
				CLANG_WARN_DIRECT_OBJC_ISA_USAGE = YES_ERROR;
				CLANG_WARN_DOCUMENTATION_COMMENTS = YES;
				CLANG_WARN_EMPTY_BODY = YES;
				CLANG_WARN_ENUM_CONVERSION = YES;
				CLANG_WARN_INFINITE_RECURSION = YES;
				CLANG_WARN_INT_CONVERSION = YES;
				CLANG_WARN_OBJC_ROOT_CLASS = YES_ERROR;
				CLANG_WARN_SUSPICIOUS_MOVES = YES;
				CLANG_WARN_UNREACHABLE_CODE = YES;
				CLANG_WARN__DUPLICATE_METHOD_MATCH = YES;
				"CODE_SIGN_IDENTITY[sdk=iphoneos*]" = "iPhone Developer";
				COPY_PHASE_STRIP = NO;
				DEBUG_INFORMATION_FORMAT = dwarf;
				ENABLE_STRICT_OBJC_MSGSEND = YES;
				ENABLE_TESTABILITY = YES;
				GCC_C_LANGUAGE_STANDARD = gnu99;
				GCC_DYNAMIC_NO_PIC = NO;
				GCC_NO_COMMON_BLOCKS = YES;
				GCC_OPTIMIZATION_LEVEL = 0;
				GCC_PREPROCESSOR_DEFINITIONS = (
					"DEBUG=1",
					"$(inherited)",
				);
				GCC_WARN_64_TO_32_BIT_CONVERSION = YES;
				GCC_WARN_ABOUT_RETURN_TYPE = YES_ERROR;
				GCC_WARN_UNDECLARED_SELECTOR = YES;
				GCC_WARN_UNINITIALIZED_AUTOS = YES_AGGRESSIVE;
				GCC_WARN_UNUSED_FUNCTION = YES;
				GCC_WARN_UNUSED_VARIABLE = YES;
				IPHONEOS_DEPLOYMENT_TARGET = 10.0;
				MTL_ENABLE_DEBUG_INFO = YES;
				ONLY_ACTIVE_ARCH = YES;
				SDKROOT = iphoneos;
				TARGETED_DEVICE_FAMILY = "1,2";
			};
			name = Debug;
		};
		2890C4BD1D8F105C00450494 /* Release */ = {
			isa = XCBuildConfiguration;
			buildSettings = {
				ALWAYS_SEARCH_USER_PATHS = NO;
				CLANG_ANALYZER_NONNULL = YES;
				CLANG_CXX_LANGUAGE_STANDARD = "gnu++0x";
				CLANG_CXX_LIBRARY = "libc++";
				CLANG_ENABLE_MODULES = YES;
				CLANG_ENABLE_OBJC_ARC = YES;
				CLANG_WARN_BOOL_CONVERSION = YES;
				CLANG_WARN_CONSTANT_CONVERSION = YES;
				CLANG_WARN_DIRECT_OBJC_ISA_USAGE = YES_ERROR;
				CLANG_WARN_DOCUMENTATION_COMMENTS = YES;
				CLANG_WARN_EMPTY_BODY = YES;
				CLANG_WARN_ENUM_CONVERSION = YES;
				CLANG_WARN_INFINITE_RECURSION = YES;
				CLANG_WARN_INT_CONVERSION = YES;
				CLANG_WARN_OBJC_ROOT_CLASS = YES_ERROR;
				CLANG_WARN_SUSPICIOUS_MOVES = YES;
				CLANG_WARN_UNREACHABLE_CODE = YES;
				CLANG_WARN__DUPLICATE_METHOD_MATCH = YES;
				"CODE_SIGN_IDENTITY[sdk=iphoneos*]" = "iPhone Developer";
				COPY_PHASE_STRIP = NO;
				DEBUG_INFORMATION_FORMAT = "dwarf-with-dsym";
				ENABLE_NS_ASSERTIONS = NO;
				ENABLE_STRICT_OBJC_MSGSEND = YES;
				GCC_C_LANGUAGE_STANDARD = gnu99;
				GCC_NO_COMMON_BLOCKS = YES;
				GCC_WARN_64_TO_32_BIT_CONVERSION = YES;
				GCC_WARN_ABOUT_RETURN_TYPE = YES_ERROR;
				GCC_WARN_UNDECLARED_SELECTOR = YES;
				GCC_WARN_UNINITIALIZED_AUTOS = YES_AGGRESSIVE;
				GCC_WARN_UNUSED_FUNCTION = YES;
				GCC_WARN_UNUSED_VARIABLE = YES;
				IPHONEOS_DEPLOYMENT_TARGET = 10.0;
				MTL_ENABLE_DEBUG_INFO = NO;
				SDKROOT = iphoneos;
				TARGETED_DEVICE_FAMILY = "1,2";
				VALIDATE_PRODUCT = YES;
			};
			name = Release;
		};
		2890C4BF1D8F105C00450494 /* Debug */ = {
			isa = XCBuildConfiguration;
			buildSettings = {
				ASSETCATALOG_COMPILER_APPICON_NAME = AppIcon;
				INFOPLIST_FILE = Photorama/Info.plist;
				LD_RUNPATH_SEARCH_PATHS = "$(inherited) @executable_path/Frameworks";
				PRODUCT_BUNDLE_IDENTIFIER = com.IronYard.Photorama;
				PRODUCT_NAME = "$(TARGET_NAME)";
			};
			name = Debug;
		};
		2890C4C01D8F105C00450494 /* Release */ = {
			isa = XCBuildConfiguration;
			buildSettings = {
				ASSETCATALOG_COMPILER_APPICON_NAME = AppIcon;
				INFOPLIST_FILE = Photorama/Info.plist;
				LD_RUNPATH_SEARCH_PATHS = "$(inherited) @executable_path/Frameworks";
				PRODUCT_BUNDLE_IDENTIFIER = com.IronYard.Photorama;
				PRODUCT_NAME = "$(TARGET_NAME)";
			};
			name = Release;
		};
/* End XCBuildConfiguration section */

/* Begin XCConfigurationList section */
		2890C4A21D8F105C00450494 /* Build configuration list for PBXProject "Photorama" */ = {
			isa = XCConfigurationList;
			buildConfigurations = (
				2890C4BC1D8F105C00450494 /* Debug */,
				2890C4BD1D8F105C00450494 /* Release */,
			);
			defaultConfigurationIsVisible = 0;
			defaultConfigurationName = Release;
		};
		2890C4BE1D8F105C00450494 /* Build configuration list for PBXNativeTarget "Photorama" */ = {
			isa = XCConfigurationList;
			buildConfigurations = (
				2890C4BF1D8F105C00450494 /* Debug */,
				2890C4C01D8F105C00450494 /* Release */,
			);
			defaultConfigurationIsVisible = 0;
			defaultConfigurationName = Release;
		};
/* End XCConfigurationList section */
	};
	rootObject = 2890C49F1D8F105C00450494 /* Project object */;
}
